Microsoft Visual Studio Solution File, Format Version 12.00
# Visual Studio Version 16
VisualStudioVersion = 16.0.29509.3
MinimumVisualStudioVersion = 10.0.40219.1
Project("{FAE04EC0-301F-11D3-BF4B-00C04F79EFBC}") = "Kiosk", "Kiosk.csproj", "{C9F8B19D-00A8-4E0E-B376-69F6856A7E59}"
EndProject
Project("{FAE04EC0-301F-11D3-BF4B-00C04F79EFBC}") = "Loader", "..\loader\Loader.csproj", "{F6F0CC29-F909-4B70-8746-A5C31E3F9027}"
EndProject
Project("{FAE04EC0-301F-11D3-BF4B-00C04F79EFBC}") = "KioskTweak", "..\kiosktweak\KioskTweak.csproj", "{3BBB3A07-870C-4BCA-AEA1-098529D43468}"
EndProject
Project("{FAE04EC0-301F-11D3-BF4B-00C04F79EFBC}") = "CheckSystem", "..\checksystem\CheckSystem.csproj", "{E17844BD-9BFF-4BA9-AD0C-026D45CA822B}"
EndProject
Project("{FAE04EC0-301F-11D3-BF4B-00C04F79EFBC}") = "TurnKiosk", "..\turnkiosk\TurnKiosk.csproj", "{11A18BB9-4FCC-4916-AB3F-7DD5CA9C9A8E}"
EndProject
Project("{FAE04EC0-301F-11D3-BF4B-00C04F79EFBC}") = "KVKeyboard2", "..\kvkeyboard2\KVKeyboard2.csproj", "{6C9A1F6E-F7F6-407F-89C7-BF096568DA44}"
EndProject
Global
	GlobalSection(SolutionConfigurationPlatforms) = preSolution
		Debug|Any CPU = Debug|Any CPU
		Debug|x86 = Debug|x86
		Release|Any CPU = Release|Any CPU
		Release|x86 = Release|x86
	EndGlobalSection
	GlobalSection(ProjectConfigurationPlatforms) = postSolution
		{C9F8B19D-00A8-4E0E-B376-69F6856A7E59}.Debug|Any CPU.ActiveCfg = Debug|Any CPU
		{C9F8B19D-00A8-4E0E-B376-69F6856A7E59}.Debug|Any CPU.Build.0 = Debug|Any CPU
		{C9F8B19D-00A8-4E0E-B376-69F6856A7E59}.Debug|x86.ActiveCfg = Debug|Any CPU
		{C9F8B19D-00A8-4E0E-B376-69F6856A7E59}.Debug|x86.Build.0 = Debug|Any CPU
		{C9F8B19D-00A8-4E0E-B376-69F6856A7E59}.Release|Any CPU.ActiveCfg = Release|Any CPU
		{C9F8B19D-00A8-4E0E-B376-69F6856A7E59}.Release|Any CPU.Build.0 = Release|Any CPU
		{C9F8B19D-00A8-4E0E-B376-69F6856A7E59}.Release|x86.ActiveCfg = Release|Any CPU
		{C9F8B19D-00A8-4E0E-B376-69F6856A7E59}.Release|x86.Build.0 = Release|Any CPU
		{F6F0CC29-F909-4B70-8746-A5C31E3F9027}.Debug|Any CPU.ActiveCfg = Debug|x86
		{F6F0CC29-F909-4B70-8746-A5C31E3F9027}.Debug|x86.ActiveCfg = Debug|x86
		{F6F0CC29-F909-4B70-8746-A5C31E3F9027}.Debug|x86.Build.0 = Debug|x86
		{F6F0CC29-F909-4B70-8746-A5C31E3F9027}.Release|Any CPU.ActiveCfg = Release|x86
		{F6F0CC29-F909-4B70-8746-A5C31E3F9027}.Release|x86.ActiveCfg = Release|x86
		{F6F0CC29-F909-4B70-8746-A5C31E3F9027}.Release|x86.Build.0 = Release|x86
		{3BBB3A07-870C-4BCA-AEA1-098529D43468}.Debug|Any CPU.ActiveCfg = Debug|x86
		{3BBB3A07-870C-4BCA-AEA1-098529D43468}.Debug|x86.ActiveCfg = Debug|x86
		{3BBB3A07-870C-4BCA-AEA1-098529D43468}.Debug|x86.Build.0 = Debug|x86
		{3BBB3A07-870C-4BCA-AEA1-098529D43468}.Release|Any CPU.ActiveCfg = Release|x86
		{3BBB3A07-870C-4BCA-AEA1-098529D43468}.Release|x86.ActiveCfg = Release|x86
		{3BBB3A07-870C-4BCA-AEA1-098529D43468}.Release|x86.Build.0 = Release|x86
		{E17844BD-9BFF-4BA9-AD0C-026D45CA822B}.Debug|Any CPU.ActiveCfg = Debug|Any CPU
		{E17844BD-9BFF-4BA9-AD0C-026D45CA822B}.Debug|Any CPU.Build.0 = Debug|Any CPU
		{E17844BD-9BFF-4BA9-AD0C-026D45CA822B}.Debug|x86.ActiveCfg = Debug|Any CPU
		{E17844BD-9BFF-4BA9-AD0C-026D45CA822B}.Debug|x86.Build.0 = Debug|Any CPU
		{E17844BD-9BFF-4BA9-AD0C-026D45CA822B}.Release|Any CPU.ActiveCfg = Release|Any CPU
		{E17844BD-9BFF-4BA9-AD0C-026D45CA822B}.Release|Any CPU.Build.0 = Release|Any CPU
		{E17844BD-9BFF-4BA9-AD0C-026D45CA822B}.Release|x86.ActiveCfg = Release|Any CPU
		{E17844BD-9BFF-4BA9-AD0C-026D45CA822B}.Release|x86.Build.0 = Release|Any CPU
		{11A18BB9-4FCC-4916-AB3F-7DD5CA9C9A8E}.Debug|Any CPU.ActiveCfg = Debug|x86
		{11A18BB9-4FCC-4916-AB3F-7DD5CA9C9A8E}.Debug|x86.ActiveCfg = Debug|x86
		{11A18BB9-4FCC-4916-AB3F-7DD5CA9C9A8E}.Debug|x86.Build.0 = Debug|x86
		{11A18BB9-4FCC-4916-AB3F-7DD5CA9C9A8E}.Release|Any CPU.ActiveCfg = Release|x86
		{11A18BB9-4FCC-4916-AB3F-7DD5CA9C9A8E}.Release|x86.ActiveCfg = Release|x86
		{11A18BB9-4FCC-4916-AB3F-7DD5CA9C9A8E}.Release|x86.Build.0 = Release|x86
		{6C9A1F6E-F7F6-407F-89C7-BF096568DA44}.Debug|Any CPU.ActiveCfg = Debug|x86
		{6C9A1F6E-F7F6-407F-89C7-BF096568DA44}.Debug|x86.ActiveCfg = Debug|x86
		{6C9A1F6E-F7F6-407F-89C7-BF096568DA44}.Debug|x86.Build.0 = Debug|x86
		{6C9A1F6E-F7F6-407F-89C7-BF096568DA44}.Release|Any CPU.ActiveCfg = Release|x86
		{6C9A1F6E-F7F6-407F-89C7-BF096568DA44}.Release|x86.ActiveCfg = Release|x86
		{6C9A1F6E-F7F6-407F-89C7-BF096568DA44}.Release|x86.Build.0 = Release|x86
	EndGlobalSection
	GlobalSection(SolutionProperties) = preSolution
		HideSolutionNode = FALSE
	EndGlobalSection
	GlobalSection(ExtensibilityGlobals) = postSolution
		SolutionGuid = {B4024DD1-630A-4E8A-9294-9AA0F361E039}
	EndGlobalSection
EndGlobal
